
Microsoft Visual Studio Solution File, Format Version 12.00
# Visual Studio Version 17
VisualStudioVersion = 17.10.35004.147
MinimumVisualStudioVersion = 10.0.40219.1
Project("{9A19103F-16F7-4668-BE54-9A1E7A4F7556}") = "PhloSystemAPI", "PhloSystemAPI\PhloSystemAPI.csproj", "{FEB01F27-462C-45E5-ABE4-AE47D081F0DA}"
EndProject
Project("{9A19103F-16F7-4668-BE54-9A1E7A4F7556}") = "PhloSystemDomain", "PhloSystemController\PhloSystemDomain.csproj", "{A071F223-2ABF-4615-9F3E-3A3E42D3ABA1}"
EndProject
Project("{9A19103F-16F7-4668-BE54-9A1E7A4F7556}") = "Tests", "Tests\Tests.csproj", "{29D26DB2-A0D1-40AE-8205-54E6C933D1CE}"
EndProject
Project("{FAE04EC0-301F-11D3-BF4B-00C04F79EFBC}") = "PhloInfrastructureLayer", "PhloInfrastructureLayer\PhloInfrastructureLayer.csproj", "{1BD9FF77-B47A-49A2-8523-78C35BEE166E}"
EndProject
Global
	GlobalSection(SolutionConfigurationPlatforms) = preSolution
		Debug|Any CPU = Debug|Any CPU
		Release|Any CPU = Release|Any CPU
	EndGlobalSection
	GlobalSection(ProjectConfigurationPlatforms) = postSolution
		{FEB01F27-462C-45E5-ABE4-AE47D081F0DA}.Debug|Any CPU.ActiveCfg = Debug|Any CPU
		{FEB01F27-462C-45E5-ABE4-AE47D081F0DA}.Debug|Any CPU.Build.0 = Debug|Any CPU
		{FEB01F27-462C-45E5-ABE4-AE47D081F0DA}.Release|Any CPU.ActiveCfg = Release|Any CPU
		{FEB01F27-462C-45E5-ABE4-AE47D081F0DA}.Release|Any CPU.Build.0 = Release|Any CPU
		{A071F223-2ABF-4615-9F3E-3A3E42D3ABA1}.Debug|Any CPU.ActiveCfg = Debug|Any CPU
		{A071F223-2ABF-4615-9F3E-3A3E42D3ABA1}.Debug|Any CPU.Build.0 = Debug|Any CPU
		{A071F223-2ABF-4615-9F3E-3A3E42D3ABA1}.Release|Any CPU.ActiveCfg = Release|Any CPU
		{A071F223-2ABF-4615-9F3E-3A3E42D3ABA1}.Release|Any CPU.Build.0 = Release|Any CPU
		{29D26DB2-A0D1-40AE-8205-54E6C933D1CE}.Debug|Any CPU.ActiveCfg = Debug|Any CPU
		{29D26DB2-A0D1-40AE-8205-54E6C933D1CE}.Debug|Any CPU.Build.0 = Debug|Any CPU
		{29D26DB2-A0D1-40AE-8205-54E6C933D1CE}.Release|Any CPU.ActiveCfg = Release|Any CPU
		{29D26DB2-A0D1-40AE-8205-54E6C933D1CE}.Release|Any CPU.Build.0 = Release|Any CPU
		{1BD9FF77-B47A-49A2-8523-78C35BEE166E}.Debug|Any CPU.ActiveCfg = Debug|Any CPU
		{1BD9FF77-B47A-49A2-8523-78C35BEE166E}.Debug|Any CPU.Build.0 = Debug|Any CPU
		{1BD9FF77-B47A-49A2-8523-78C35BEE166E}.Release|Any CPU.ActiveCfg = Release|Any CPU
		{1BD9FF77-B47A-49A2-8523-78C35BEE166E}.Release|Any CPU.Build.0 = Release|Any CPU
	EndGlobalSection
	GlobalSection(SolutionProperties) = preSolution
		HideSolutionNode = FALSE
	EndGlobalSection
	GlobalSection(ExtensibilityGlobals) = postSolution
		SolutionGuid = {55D2E354-B3A6-4197-B291-48F7562BFC8A}
	EndGlobalSection
EndGlobal
